
Microsoft Visual Studio Solution File, Format Version 12.00
# Visual Studio Version 17
VisualStudioVersion = 17.5.002.0
MinimumVisualStudioVersion = 10.0.40219.1
Project("{9A19103F-16F7-4668-BE54-9A1E7A4F7556}") = "TaskAutomationWebApp", "TaskAutomationWebApp.csproj", "{DA279FE8-9C94-4240-9431-887082468BC8}"
EndProject
Global
	GlobalSection(SolutionConfigurationPlatforms) = preSolution
		Debug|Any CPU = Debug|Any CPU
		Release|Any CPU = Release|Any CPU
	EndGlobalSection
	GlobalSection(ProjectConfigurationPlatforms) = postSolution
		{DA279FE8-9C94-4240-9431-887082468BC8}.Debug|Any CPU.ActiveCfg = Debug|Any CPU
		{DA279FE8-9C94-4240-9431-887082468BC8}.Debug|Any CPU.Build.0 = Debug|Any CPU
		{DA279FE8-9C94-4240-9431-887082468BC8}.Release|Any CPU.ActiveCfg = Release|Any CPU
		{DA279FE8-9C94-4240-9431-887082468BC8}.Release|Any CPU.Build.0 = Release|Any CPU
	EndGlobalSection
	GlobalSection(SolutionProperties) = preSolution
		HideSolutionNode = FALSE
	EndGlobalSection
	GlobalSection(ExtensibilityGlobals) = postSolution
		SolutionGuid = {27B8125A-8812-4BCD-86D6-75D993216FC3}
	EndGlobalSection
EndGlobal
